
Microsoft Visual Studio Solution File, Format Version 12.00
# Visual Studio 15
VisualStudioVersion = 15.0.28010.2036
MinimumVisualStudioVersion = 10.0.40219.1
Project("{FAE04EC0-301F-11D3-BF4B-00C04F79EFBC}") = "mastrantonakis_emmanouil_4", "mastrantonakis_emmanouil_4\mastrantonakis_emmanouil_4.csproj", "{953809EA-66F9-4230-8254-E07DF0615A64}"
EndProject
Global
	GlobalSection(SolutionConfigurationPlatforms) = preSolution
		Debug|Any CPU = Debug|Any CPU
		Release|Any CPU = Release|Any CPU
	EndGlobalSection
	GlobalSection(ProjectConfigurationPlatforms) = postSolution
		{953809EA-66F9-4230-8254-E07DF0615A64}.Debug|Any CPU.ActiveCfg = Debug|Any CPU
		{953809EA-66F9-4230-8254-E07DF0615A64}.Debug|Any CPU.Build.0 = Debug|Any CPU
		{953809EA-66F9-4230-8254-E07DF0615A64}.Release|Any CPU.ActiveCfg = Release|Any CPU
		{953809EA-66F9-4230-8254-E07DF0615A64}.Release|Any CPU.Build.0 = Release|Any CPU
	EndGlobalSection
	GlobalSection(SolutionProperties) = preSolution
		HideSolutionNode = FALSE
	EndGlobalSection
	GlobalSection(ExtensibilityGlobals) = postSolution
		SolutionGuid = {E30E856B-5C05-41CD-A326-0A7DF5B48D43}
	EndGlobalSection
EndGlobal
